// !$*UTF8*$!
{
	archiveVersion = 1;
	classes = {
	};
	objectVersion = 48;
	objects = {

/* Begin PBXBuildFile section */
		0262F6F7207C785E0000254F /* AppDelegate.swift in Sources */ = {isa = PBXBuildFile; fileRef = 0262F6F6207C785E0000254F /* AppDelegate.swift */; };
		0262F6F9207C785E0000254F /* LoginViewController.swift in Sources */ = {isa = PBXBuildFile; fileRef = 0262F6F8207C785E0000254F /* LoginViewController.swift */; };
		0262F6FC207C785E0000254F /* Main.storyboard in Resources */ = {isa = PBXBuildFile; fileRef = 0262F6FA207C785E0000254F /* Main.storyboard */; };
		0262F6FE207C785E0000254F /* Assets.xcassets in Resources */ = {isa = PBXBuildFile; fileRef = 0262F6FD207C785E0000254F /* Assets.xcassets */; };
		0262F701207C785E0000254F /* LaunchScreen.storyboard in Resources */ = {isa = PBXBuildFile; fileRef = 0262F6FF207C785E0000254F /* LaunchScreen.storyboard */; };
		0262F709207C79FC0000254F /* GoogleService-Info.plist in Resources */ = {isa = PBXBuildFile; fileRef = 0262F708207C79FC0000254F /* GoogleService-Info.plist */; };
		0262F70B207DD24F0000254F /* SelectUniversityTableViewController.swift in Sources */ = {isa = PBXBuildFile; fileRef = 0262F70A207DD24F0000254F /* SelectUniversityTableViewController.swift */; };
		8CE9669755C7C90145A92B6B /* Pods_Edio.framework in Frameworks */ = {isa = PBXBuildFile; fileRef = 4C0CAC3ABBEE2F06FD62EB5C /* Pods_Edio.framework */; };
/* End PBXBuildFile section */

/* Begin PBXFileReference section */
		0262F6F3207C785E0000254F /* Edio.app */ = {isa = PBXFileReference; explicitFileType = wrapper.application; includeInIndex = 0; path = Edio.app; sourceTree = BUILT_PRODUCTS_DIR; };
		0262F6F6207C785E0000254F /* AppDelegate.swift */ = {isa = PBXFileReference; lastKnownFileType = sourcecode.swift; path = AppDelegate.swift; sourceTree = "<group>"; };
		0262F6F8207C785E0000254F /* LoginViewController.swift */ = {isa = PBXFileReference; lastKnownFileType = sourcecode.swift; path = LoginViewController.swift; sourceTree = "<group>"; };
		0262F6FB207C785E0000254F /* Base */ = {isa = PBXFileReference; lastKnownFileType = file.storyboard; name = Base; path = Base.lproj/Main.storyboard; sourceTree = "<group>"; };
		0262F6FD207C785E0000254F /* Assets.xcassets */ = {isa = PBXFileReference; lastKnownFileType = folder.assetcatalog; path = Assets.xcassets; sourceTree = "<group>"; };
		0262F700207C785E0000254F /* Base */ = {isa = PBXFileReference; lastKnownFileType = file.storyboard; name = Base; path = Base.lproj/LaunchScreen.storyboard; sourceTree = "<group>"; };
		0262F702207C785E0000254F /* Info.plist */ = {isa = PBXFileReference; lastKnownFileType = text.plist.xml; path = Info.plist; sourceTree = "<group>"; };
		0262F708207C79FC0000254F /* GoogleService-Info.plist */ = {isa = PBXFileReference; fileEncoding = 4; lastKnownFileType = text.plist.xml; path = "GoogleService-Info.plist"; sourceTree = "<group>"; };
		0262F70A207DD24F0000254F /* SelectUniversityTableViewController.swift */ = {isa = PBXFileReference; lastKnownFileType = sourcecode.swift; path = SelectUniversityTableViewController.swift; sourceTree = "<group>"; };
		46D969128145CDCF6FA9287C /* Pods-Edio.release.xcconfig */ = {isa = PBXFileReference; includeInIndex = 1; lastKnownFileType = text.xcconfig; name = "Pods-Edio.release.xcconfig"; path = "Pods/Target Support Files/Pods-Edio/Pods-Edio.release.xcconfig"; sourceTree = "<group>"; };
		4C0CAC3ABBEE2F06FD62EB5C /* Pods_Edio.framework */ = {isa = PBXFileReference; explicitFileType = wrapper.framework; includeInIndex = 0; path = Pods_Edio.framework; sourceTree = BUILT_PRODUCTS_DIR; };
		A0646E9CFD062743831EAF70 /* Pods-Edio.debug.xcconfig */ = {isa = PBXFileReference; includeInIndex = 1; lastKnownFileType = text.xcconfig; name = "Pods-Edio.debug.xcconfig"; path = "Pods/Target Support Files/Pods-Edio/Pods-Edio.debug.xcconfig"; sourceTree = "<group>"; };
/* End PBXFileReference section */

/* Begin PBXFrameworksBuildPhase section */
		0262F6F0207C785E0000254F /* Frameworks */ = {
			isa = PBXFrameworksBuildPhase;
			buildActionMask = 2147483647;
			files = (
				8CE9669755C7C90145A92B6B /* Pods_Edio.framework in Frameworks */,
			);
			runOnlyForDeploymentPostprocessing = 0;
		};
/* End PBXFrameworksBuildPhase section */

/* Begin PBXGroup section */
		0262F6EA207C785E0000254F = {
			isa = PBXGroup;
			children = (
				0262F6F5207C785E0000254F /* Edio */,
				0262F6F4207C785E0000254F /* Products */,
				F2F4345F611776819421EC6D /* Pods */,
				D9E15B43BC519EFB668CF5CA /* Frameworks */,
			);
			sourceTree = "<group>";
		};
		0262F6F4207C785E0000254F /* Products */ = {
			isa = PBXGroup;
			children = (
				0262F6F3207C785E0000254F /* Edio.app */,
			);
			name = Products;
			sourceTree = "<group>";
		};
		0262F6F5207C785E0000254F /* Edio */ = {
			isa = PBXGroup;
			children = (
				0262F6F6207C785E0000254F /* AppDelegate.swift */,
				0262F6F8207C785E0000254F /* LoginViewController.swift */,
				0262F70A207DD24F0000254F /* SelectUniversityTableViewController.swift */,
				0262F708207C79FC0000254F /* GoogleService-Info.plist */,
				0262F6FA207C785E0000254F /* Main.storyboard */,
				0262F6FD207C785E0000254F /* Assets.xcassets */,
				0262F6FF207C785E0000254F /* LaunchScreen.storyboard */,
				0262F702207C785E0000254F /* Info.plist */,
			);
			path = Edio;
			sourceTree = "<group>";
		};
		D9E15B43BC519EFB668CF5CA /* Frameworks */ = {
			isa = PBXGroup;
			children = (
				4C0CAC3ABBEE2F06FD62EB5C /* Pods_Edio.framework */,
			);
			name = Frameworks;
			sourceTree = "<group>";
		};
		F2F4345F611776819421EC6D /* Pods */ = {
			isa = PBXGroup;
			children = (
				A0646E9CFD062743831EAF70 /* Pods-Edio.debug.xcconfig */,
				46D969128145CDCF6FA9287C /* Pods-Edio.release.xcconfig */,
			);
			name = Pods;
			sourceTree = "<group>";
		};
/* End PBXGroup section */

/* Begin PBXNativeTarget section */
		0262F6F2207C785E0000254F /* Edio */ = {
			isa = PBXNativeTarget;
			buildConfigurationList = 0262F705207C785E0000254F /* Build configuration list for PBXNativeTarget "Edio" */;
			buildPhases = (
				3854F5F1CADA7A4158D71CB4 /* [CP] Check Pods Manifest.lock */,
				0262F6EF207C785E0000254F /* Sources */,
				0262F6F0207C785E0000254F /* Frameworks */,
				0262F6F1207C785E0000254F /* Resources */,
				7663364AADBAC05839F128C0 /* [CP] Embed Pods Frameworks */,
				17B21D830E5053DA1DC18478 /* [CP] Copy Pods Resources */,
			);
			buildRules = (
			);
			dependencies = (
			);
			name = Edio;
			productName = Edio;
			productReference = 0262F6F3207C785E0000254F /* Edio.app */;
			productType = "com.apple.product-type.application";
		};
/* End PBXNativeTarget section */

/* Begin PBXProject section */
		0262F6EB207C785E0000254F /* Project object */ = {
			isa = PBXProject;
			attributes = {
				LastSwiftUpdateCheck = 0920;
				LastUpgradeCheck = 0920;
				ORGANIZATIONNAME = "Akshat Sharma";
				TargetAttributes = {
					0262F6F2207C785E0000254F = {
						CreatedOnToolsVersion = 9.2;
						ProvisioningStyle = Automatic;
					};
				};
			};
			buildConfigurationList = 0262F6EE207C785E0000254F /* Build configuration list for PBXProject "Edio" */;
			compatibilityVersion = "Xcode 8.0";
			developmentRegion = en;
			hasScannedForEncodings = 0;
			knownRegions = (
				en,
				Base,
			);
			mainGroup = 0262F6EA207C785E0000254F;
			productRefGroup = 0262F6F4207C785E0000254F /* Products */;
			projectDirPath = "";
			projectRoot = "";
			targets = (
				0262F6F2207C785E0000254F /* Edio */,
			);
		};
/* End PBXProject section */

/* Begin PBXResourcesBuildPhase section */
		0262F6F1207C785E0000254F /* Resources */ = {
			isa = PBXResourcesBuildPhase;
			buildActionMask = 2147483647;
			files = (
				0262F701207C785E0000254F /* LaunchScreen.storyboard in Resources */,
				0262F709207C79FC0000254F /* GoogleService-Info.plist in Resources */,
				0262F6FE207C785E0000254F /* Assets.xcassets in Resources */,
				0262F6FC207C785E0000254F /* Main.storyboard in Resources */,
			);
			runOnlyForDeploymentPostprocessing = 0;
		};
/* End PBXResourcesBuildPhase section */

/* Begin PBXShellScriptBuildPhase section */
		17B21D830E5053DA1DC18478 /* [CP] Copy Pods Resources */ = {
			isa = PBXShellScriptBuildPhase;
			buildActionMask = 2147483647;
			files = (
			);
			inputPaths = (
			);
			name = "[CP] Copy Pods Resources";
			outputPaths = (
			);
			runOnlyForDeploymentPostprocessing = 0;
			shellPath = /bin/sh;
			shellScript = "\"${SRCROOT}/Pods/Target Support Files/Pods-Edio/Pods-Edio-resources.sh\"\n";
			showEnvVarsInLog = 0;
		};
		3854F5F1CADA7A4158D71CB4 /* [CP] Check Pods Manifest.lock */ = {
			isa = PBXShellScriptBuildPhase;
			buildActionMask = 2147483647;
			files = (
			);
			inputPaths = (
				"${PODS_PODFILE_DIR_PATH}/Podfile.lock",
				"${PODS_ROOT}/Manifest.lock",
			);
			name = "[CP] Check Pods Manifest.lock";
			outputPaths = (
				"$(DERIVED_FILE_DIR)/Pods-Edio-checkManifestLockResult.txt",
			);
			runOnlyForDeploymentPostprocessing = 0;
			shellPath = /bin/sh;
			shellScript = "diff \"${PODS_PODFILE_DIR_PATH}/Podfile.lock\" \"${PODS_ROOT}/Manifest.lock\" > /dev/null\nif [ $? != 0 ] ; then\n    # print error to STDERR\n    echo \"error: The sandbox is not in sync with the Podfile.lock. Run 'pod install' or update your CocoaPods installation.\" >&2\n    exit 1\nfi\n# This output is used by Xcode 'outputs' to avoid re-running this script phase.\necho \"SUCCESS\" > \"${SCRIPT_OUTPUT_FILE_0}\"\n";
			showEnvVarsInLog = 0;
		};
		7663364AADBAC05839F128C0 /* [CP] Embed Pods Frameworks */ = {
			isa = PBXShellScriptBuildPhase;
			buildActionMask = 2147483647;
			files = (
			);
			inputPaths = (
				"${SRCROOT}/Pods/Target Support Files/Pods-Edio/Pods-Edio-frameworks.sh",
				"${BUILT_PRODUCTS_DIR}/BoringSSL/openssl.framework",
				"${BUILT_PRODUCTS_DIR}/GTMSessionFetcher/GTMSessionFetcher.framework",
				"${BUILT_PRODUCTS_DIR}/GoogleToolboxForMac/GoogleToolboxForMac.framework",
				"${BUILT_PRODUCTS_DIR}/Protobuf/Protobuf.framework",
				"${BUILT_PRODUCTS_DIR}/gRPC/GRPCClient.framework",
				"${BUILT_PRODUCTS_DIR}/gRPC-Core/grpc.framework",
				"${BUILT_PRODUCTS_DIR}/gRPC-ProtoRPC/ProtoRPC.framework",
				"${BUILT_PRODUCTS_DIR}/gRPC-RxLibrary/RxLibrary.framework",
				"${BUILT_PRODUCTS_DIR}/leveldb-library/leveldb.framework",
				"${BUILT_PRODUCTS_DIR}/nanopb/nanopb.framework",
			);
			name = "[CP] Embed Pods Frameworks";
			outputPaths = (
				"${TARGET_BUILD_DIR}/${FRAMEWORKS_FOLDER_PATH}/openssl.framework",
				"${TARGET_BUILD_DIR}/${FRAMEWORKS_FOLDER_PATH}/GTMSessionFetcher.framework",
				"${TARGET_BUILD_DIR}/${FRAMEWORKS_FOLDER_PATH}/GoogleToolboxForMac.framework",
				"${TARGET_BUILD_DIR}/${FRAMEWORKS_FOLDER_PATH}/Protobuf.framework",
				"${TARGET_BUILD_DIR}/${FRAMEWORKS_FOLDER_PATH}/GRPCClient.framework",
				"${TARGET_BUILD_DIR}/${FRAMEWORKS_FOLDER_PATH}/grpc.framework",
				"${TARGET_BUILD_DIR}/${FRAMEWORKS_FOLDER_PATH}/ProtoRPC.framework",
				"${TARGET_BUILD_DIR}/${FRAMEWORKS_FOLDER_PATH}/RxLibrary.framework",
				"${TARGET_BUILD_DIR}/${FRAMEWORKS_FOLDER_PATH}/leveldb.framework",
				"${TARGET_BUILD_DIR}/${FRAMEWORKS_FOLDER_PATH}/nanopb.framework",
			);
			runOnlyForDeploymentPostprocessing = 0;
			shellPath = /bin/sh;
			shellScript = "\"${SRCROOT}/Pods/Target Support Files/Pods-Edio/Pods-Edio-frameworks.sh\"\n";
			showEnvVarsInLog = 0;
		};
/* End PBXShellScriptBuildPhase section */

/* Begin PBXSourcesBuildPhase section */
		0262F6EF207C785E0000254F /* Sources */ = {
			isa = PBXSourcesBuildPhase;
			buildActionMask = 2147483647;
			files = (
				0262F6F9207C785E0000254F /* LoginViewController.swift in Sources */,
				0262F6F7207C785E0000254F /* AppDelegate.swift in Sources */,
				0262F70B207DD24F0000254F /* SelectUniversityTableViewController.swift in Sources */,
			);
			runOnlyForDeploymentPostprocessing = 0;
		};
/* End PBXSourcesBuildPhase section */

/* Begin PBXVariantGroup section */
		0262F6FA207C785E0000254F /* Main.storyboard */ = {
			isa = PBXVariantGroup;
			children = (
				0262F6FB207C785E0000254F /* Base */,
			);
			name = Main.storyboard;
			sourceTree = "<group>";
		};
		0262F6FF207C785E0000254F /* LaunchScreen.storyboard */ = {
			isa = PBXVariantGroup;
			children = (
				0262F700207C785E0000254F /* Base */,
			);
			name = LaunchScreen.storyboard;
			sourceTree = "<group>";
		};
/* End PBXVariantGroup section */

/* Begin XCBuildConfiguration section */
		0262F703207C785E0000254F /* Debug */ = {
			isa = XCBuildConfiguration;
			buildSettings = {
				ALWAYS_SEARCH_USER_PATHS = NO;
				CLANG_ANALYZER_NONNULL = YES;
				CLANG_ANALYZER_NUMBER_OBJECT_CONVERSION = YES_AGGRESSIVE;
				CLANG_CXX_LANGUAGE_STANDARD = "gnu++14";
				CLANG_CXX_LIBRARY = "libc++";
				CLANG_ENABLE_MODULES = YES;
				CLANG_ENABLE_OBJC_ARC = YES;
				CLANG_WARN_BLOCK_CAPTURE_AUTORELEASING = YES;
				CLANG_WARN_BOOL_CONVERSION = YES;
				CLANG_WARN_COMMA = YES;
				CLANG_WARN_CONSTANT_CONVERSION = YES;
				CLANG_WARN_DIRECT_OBJC_ISA_USAGE = YES_ERROR;
				CLANG_WARN_DOCUMENTATION_COMMENTS = YES;
				CLANG_WARN_EMPTY_BODY = YES;
				CLANG_WARN_ENUM_CONVERSION = YES;
				CLANG_WARN_INFINITE_RECURSION = YES;
				CLANG_WARN_INT_CONVERSION = YES;
				CLANG_WARN_NON_LITERAL_NULL_CONVERSION = YES;
				CLANG_WARN_OBJC_LITERAL_CONVERSION = YES;
				CLANG_WARN_OBJC_ROOT_CLASS = YES_ERROR;
				CLANG_WARN_RANGE_LOOP_ANALYSIS = YES;
				CLANG_WARN_STRICT_PROTOTYPES = YES;
				CLANG_WARN_SUSPICIOUS_MOVE = YES;
				CLANG_WARN_UNGUARDED_AVAILABILITY = YES_AGGRESSIVE;
				CLANG_WARN_UNREACHABLE_CODE = YES;
				CLANG_WARN__DUPLICATE_METHOD_MATCH = YES;
				CODE_SIGN_IDENTITY = "iPhone Developer";
				COPY_PHASE_STRIP = NO;
				DEBUG_INFORMATION_FORMAT = dwarf;
				ENABLE_STRICT_OBJC_MSGSEND = YES;
				ENABLE_TESTABILITY = YES;
				GCC_C_LANGUAGE_STANDARD = gnu11;
				GCC_DYNAMIC_NO_PIC = NO;
				GCC_NO_COMMON_BLOCKS = YES;
				GCC_OPTIMIZATION_LEVEL = 0;
				GCC_PREPROCESSOR_DEFINITIONS = (
					"DEBUG=1",
					"$(inherited)",
				);
				GCC_WARN_64_TO_32_BIT_CONVERSION = YES;
				GCC_WARN_ABOUT_RETURN_TYPE = YES_ERROR;
				GCC_WARN_UNDECLARED_SELECTOR = YES;
				GCC_WARN_UNINITIALIZED_AUTOS = YES_AGGRESSIVE;
				GCC_WARN_UNUSED_FUNCTION = YES;
				GCC_WARN_UNUSED_VARIABLE = YES;
				IPHONEOS_DEPLOYMENT_TARGET = 11.2;
				MTL_ENABLE_DEBUG_INFO = YES;
				ONLY_ACTIVE_ARCH = YES;
				SDKROOT = iphoneos;
				SWIFT_ACTIVE_COMPILATION_CONDITIONS = DEBUG;
				SWIFT_OPTIMIZATION_LEVEL = "-Onone";
			};
			name = Debug;
		};
		0262F704207C785E0000254F /* Release */ = {
			isa = XCBuildConfiguration;
			buildSettings = {
				ALWAYS_SEARCH_USER_PATHS = NO;
				CLANG_ANALYZER_NONNULL = YES;
				CLANG_ANALYZER_NUMBER_OBJECT_CONVERSION = YES_AGGRESSIVE;
				CLANG_CXX_LANGUAGE_STANDARD = "gnu++14";
				CLANG_CXX_LIBRARY = "libc++";
				CLANG_ENABLE_MODULES = YES;
				CLANG_ENABLE_OBJC_ARC = YES;
				CLANG_WARN_BLOCK_CAPTURE_AUTORELEASING = YES;
				CLANG_WARN_BOOL_CONVERSION = YES;
				CLANG_WARN_COMMA = YES;
				CLANG_WARN_CONSTANT_CONVERSION = YES;
				CLANG_WARN_DIRECT_OBJC_ISA_USAGE = YES_ERROR;
				CLANG_WARN_DOCUMENTATION_COMMENTS = YES;
				CLANG_WARN_EMPTY_BODY = YES;
				CLANG_WARN_ENUM_CONVERSION = YES;
				CLANG_WARN_INFINITE_RECURSION = YES;
				CLANG_WARN_INT_CONVERSION = YES;
				CLANG_WARN_NON_LITERAL_NULL_CONVERSION = YES;
				CLANG_WARN_OBJC_LITERAL_CONVERSION = YES;
				CLANG_WARN_OBJC_ROOT_CLASS = YES_ERROR;
				CLANG_WARN_RANGE_LOOP_ANALYSIS = YES;
				CLANG_WARN_STRICT_PROTOTYPES = YES;
				CLANG_WARN_SUSPICIOUS_MOVE = YES;
				CLANG_WARN_UNGUARDED_AVAILABILITY = YES_AGGRESSIVE;
				CLANG_WARN_UNREACHABLE_CODE = YES;
				CLANG_WARN__DUPLICATE_METHOD_MATCH = YES;
				CODE_SIGN_IDENTITY = "iPhone Developer";
				COPY_PHASE_STRIP = NO;
				DEBUG_INFORMATION_FORMAT = "dwarf-with-dsym";
				ENABLE_NS_ASSERTIONS = NO;
				ENABLE_STRICT_OBJC_MSGSEND = YES;
				GCC_C_LANGUAGE_STANDARD = gnu11;
				GCC_NO_COMMON_BLOCKS = YES;
				GCC_WARN_64_TO_32_BIT_CONVERSION = YES;
				GCC_WARN_ABOUT_RETURN_TYPE = YES_ERROR;
				GCC_WARN_UNDECLARED_SELECTOR = YES;
				GCC_WARN_UNINITIALIZED_AUTOS = YES_AGGRESSIVE;
				GCC_WARN_UNUSED_FUNCTION = YES;
				GCC_WARN_UNUSED_VARIABLE = YES;
				IPHONEOS_DEPLOYMENT_TARGET = 11.2;
				MTL_ENABLE_DEBUG_INFO = NO;
				SDKROOT = iphoneos;
				SWIFT_OPTIMIZATION_LEVEL = "-Owholemodule";
				VALIDATE_PRODUCT = YES;
			};
			name = Release;
		};
		0262F706207C785E0000254F /* Debug */ = {
			isa = XCBuildConfiguration;
			baseConfigurationReference = A0646E9CFD062743831EAF70 /* Pods-Edio.debug.xcconfig */;
			buildSettings = {
				ASSETCATALOG_COMPILER_APPICON_NAME = AppIcon;
				CODE_SIGN_STYLE = Automatic;
				INFOPLIST_FILE = Edio/Info.plist;
				LD_RUNPATH_SEARCH_PATHS = "$(inherited) @executable_path/Frameworks";
				PRODUCT_BUNDLE_IDENTIFIER = com.akshatsharma.Edio;
				PRODUCT_NAME = "$(TARGET_NAME)";
				SWIFT_VERSION = 4.0;
				TARGETED_DEVICE_FAMILY = "1,2";
			};
			name = Debug;
		};
		0262F707207C785E0000254F /* Release */ = {
			isa = XCBuildConfiguration;
			baseConfigurationReference = 46D969128145CDCF6FA9287C /* Pods-Edio.release.xcconfig */;
			buildSettings = {
				ASSETCATALOG_COMPILER_APPICON_NAME = AppIcon;
				CODE_SIGN_STYLE = Automatic;
				INFOPLIST_FILE = Edio/Info.plist;
				LD_RUNPATH_SEARCH_PATHS = "$(inherited) @executable_path/Frameworks";
				PRODUCT_BUNDLE_IDENTIFIER = com.akshatsharma.Edio;
				PRODUCT_NAME = "$(TARGET_NAME)";
				SWIFT_VERSION = 4.0;
				TARGETED_DEVICE_FAMILY = "1,2";
			};
			name = Release;
		};
/* End XCBuildConfiguration section */

/* Begin XCConfigurationList section */
		0262F6EE207C785E0000254F /* Build configuration list for PBXProject "Edio" */ = {
			isa = XCConfigurationList;
			buildConfigurations = (
				0262F703207C785E0000254F /* Debug */,
				0262F704207C785E0000254F /* Release */,
			);
			defaultConfigurationIsVisible = 0;
			defaultConfigurationName = Release;
		};
		0262F705207C785E0000254F /* Build configuration list for PBXNativeTarget "Edio" */ = {
			isa = XCConfigurationList;
			buildConfigurations = (
				0262F706207C785E0000254F /* Debug */,
				0262F707207C785E0000254F /* Release */,
			);
			defaultConfigurationIsVisible = 0;
			defaultConfigurationName = Release;
		};
/* End XCConfigurationList section */
	};
	rootObject = 0262F6EB207C785E0000254F /* Project object */;
}
